
Microsoft Visual Studio Solution File, Format Version 12.00
# Visual Studio Version 17
VisualStudioVersion = 17.14.36603.0 d17.14
MinimumVisualStudioVersion = 10.0.40219.1
Project("{FAE04EC0-301F-11D3-BF4B-00C04F79EFBC}") = "DocTranslationV2", "DocTranslationV2\DocTranslationV2.csproj", "{7332BE60-0B4A-4206-BAFD-EABCD7DDFBCC}"
EndProject
Global
	GlobalSection(SolutionConfigurationPlatforms) = preSolution
		Debug|Any CPU = Debug|Any CPU
		Release|Any CPU = Release|Any CPU
	EndGlobalSection
	GlobalSection(ProjectConfigurationPlatforms) = postSolution
		{7332BE60-0B4A-4206-BAFD-EABCD7DDFBCC}.Debug|Any CPU.ActiveCfg = Debug|Any CPU
		{7332BE60-0B4A-4206-BAFD-EABCD7DDFBCC}.Debug|Any CPU.Build.0 = Debug|Any CPU
		{7332BE60-0B4A-4206-BAFD-EABCD7DDFBCC}.Release|Any CPU.ActiveCfg = Release|Any CPU
		{7332BE60-0B4A-4206-BAFD-EABCD7DDFBCC}.Release|Any CPU.Build.0 = Release|Any CPU
	EndGlobalSection
	GlobalSection(SolutionProperties) = preSolution
		HideSolutionNode = FALSE
	EndGlobalSection
	GlobalSection(ExtensibilityGlobals) = postSolution
		SolutionGuid = {B4305BA0-3637-47BD-B4ED-5FB9D2ADC694}
	EndGlobalSection
EndGlobal
